
Microsoft Visual Studio Solution File, Format Version 12.00
# Visual Studio Version 17
VisualStudioVersion = 17.4.33110.190
MinimumVisualStudioVersion = 10.0.40219.1
Project("{FAE04EC0-301F-11D3-BF4B-00C04F79EFBC}") = "Backend.U1-W1-D4.OOP-III", "Backend.U1-W1-D4.OOP-III\Backend.U1-W1-D4.OOP-III.csproj", "{AFE8BC7E-FF1A-427D-89B0-152EBEDE8B81}"
EndProject
Global
	GlobalSection(SolutionConfigurationPlatforms) = preSolution
		Debug|Any CPU = Debug|Any CPU
		Release|Any CPU = Release|Any CPU
	EndGlobalSection
	GlobalSection(ProjectConfigurationPlatforms) = postSolution
		{AFE8BC7E-FF1A-427D-89B0-152EBEDE8B81}.Debug|Any CPU.ActiveCfg = Debug|Any CPU
		{AFE8BC7E-FF1A-427D-89B0-152EBEDE8B81}.Debug|Any CPU.Build.0 = Debug|Any CPU
		{AFE8BC7E-FF1A-427D-89B0-152EBEDE8B81}.Release|Any CPU.ActiveCfg = Release|Any CPU
		{AFE8BC7E-FF1A-427D-89B0-152EBEDE8B81}.Release|Any CPU.Build.0 = Release|Any CPU
	EndGlobalSection
	GlobalSection(SolutionProperties) = preSolution
		HideSolutionNode = FALSE
	EndGlobalSection
	GlobalSection(ExtensibilityGlobals) = postSolution
		SolutionGuid = {F1AAA226-B5B6-4FFA-9B36-F1F88D1F567A}
	EndGlobalSection
EndGlobal
